
Microsoft Visual Studio Solution File, Format Version 12.00
# Visual Studio Version 16
VisualStudioVersion = 16.0.32228.343
MinimumVisualStudioVersion = 10.0.40219.1
Project("{9A19103F-16F7-4668-BE54-9A1E7A4F7556}") = "IOTShopDataAccess", "IOTShopDataAccess\IOTShopDataAccess.csproj", "{FD44B86D-AFF9-468C-A3C3-B595C27CF22F}"
EndProject
Project("{00D1A9C2-B5F0-4AF3-8072-F6C62B433612}") = "IOTShopDb", "IOTShopDb\IOTShopDb.sqlproj", "{4F055EE9-C4C7-4D59-8FC1-E2455A1C0D73}"
EndProject
Project("{9A19103F-16F7-4668-BE54-9A1E7A4F7556}") = "IOTShopFrontEnd", "IOTShopFrontEnd\IOTShopFrontEnd.csproj", "{2E1C291B-9CDC-4E3E-B622-DDF6BB43DB8E}"
EndProject
Project("{9A19103F-16F7-4668-BE54-9A1E7A4F7556}") = "IOTShopAPI", "IotShopAPI\IOTShopAPI.csproj", "{16E9D603-3B46-4661-A1E8-E793FFF61166}"
EndProject
Project("{9A19103F-16F7-4668-BE54-9A1E7A4F7556}") = "IotShopFinalUnitTest", "IotShopFinalUnitTest\IotShopFinalUnitTest.csproj", "{74DBD20E-179C-4547-AB35-03152D29B6FC}"
EndProject
Global
	GlobalSection(SolutionConfigurationPlatforms) = preSolution
		Debug|Any CPU = Debug|Any CPU
		Debug|x86 = Debug|x86
		Release|Any CPU = Release|Any CPU
		Release|x86 = Release|x86
	EndGlobalSection
	GlobalSection(ProjectConfigurationPlatforms) = postSolution
		{FD44B86D-AFF9-468C-A3C3-B595C27CF22F}.Debug|Any CPU.ActiveCfg = Debug|Any CPU
		{FD44B86D-AFF9-468C-A3C3-B595C27CF22F}.Debug|Any CPU.Build.0 = Debug|Any CPU
		{FD44B86D-AFF9-468C-A3C3-B595C27CF22F}.Debug|x86.ActiveCfg = Debug|Any CPU
		{FD44B86D-AFF9-468C-A3C3-B595C27CF22F}.Debug|x86.Build.0 = Debug|Any CPU
		{FD44B86D-AFF9-468C-A3C3-B595C27CF22F}.Release|Any CPU.ActiveCfg = Release|Any CPU
		{FD44B86D-AFF9-468C-A3C3-B595C27CF22F}.Release|Any CPU.Build.0 = Release|Any CPU
		{FD44B86D-AFF9-468C-A3C3-B595C27CF22F}.Release|x86.ActiveCfg = Release|Any CPU
		{FD44B86D-AFF9-468C-A3C3-B595C27CF22F}.Release|x86.Build.0 = Release|Any CPU
		{4F055EE9-C4C7-4D59-8FC1-E2455A1C0D73}.Debug|Any CPU.ActiveCfg = Debug|Any CPU
		{4F055EE9-C4C7-4D59-8FC1-E2455A1C0D73}.Debug|Any CPU.Build.0 = Debug|Any CPU
		{4F055EE9-C4C7-4D59-8FC1-E2455A1C0D73}.Debug|Any CPU.Deploy.0 = Debug|Any CPU
		{4F055EE9-C4C7-4D59-8FC1-E2455A1C0D73}.Debug|x86.ActiveCfg = Debug|Any CPU
		{4F055EE9-C4C7-4D59-8FC1-E2455A1C0D73}.Debug|x86.Build.0 = Debug|Any CPU
		{4F055EE9-C4C7-4D59-8FC1-E2455A1C0D73}.Debug|x86.Deploy.0 = Debug|Any CPU
		{4F055EE9-C4C7-4D59-8FC1-E2455A1C0D73}.Release|Any CPU.ActiveCfg = Release|Any CPU
		{4F055EE9-C4C7-4D59-8FC1-E2455A1C0D73}.Release|Any CPU.Build.0 = Release|Any CPU
		{4F055EE9-C4C7-4D59-8FC1-E2455A1C0D73}.Release|Any CPU.Deploy.0 = Release|Any CPU
		{4F055EE9-C4C7-4D59-8FC1-E2455A1C0D73}.Release|x86.ActiveCfg = Release|Any CPU
		{4F055EE9-C4C7-4D59-8FC1-E2455A1C0D73}.Release|x86.Build.0 = Release|Any CPU
		{4F055EE9-C4C7-4D59-8FC1-E2455A1C0D73}.Release|x86.Deploy.0 = Release|Any CPU
		{2E1C291B-9CDC-4E3E-B622-DDF6BB43DB8E}.Debug|Any CPU.ActiveCfg = Debug|Any CPU
		{2E1C291B-9CDC-4E3E-B622-DDF6BB43DB8E}.Debug|Any CPU.Build.0 = Debug|Any CPU
		{2E1C291B-9CDC-4E3E-B622-DDF6BB43DB8E}.Debug|x86.ActiveCfg = Debug|Any CPU
		{2E1C291B-9CDC-4E3E-B622-DDF6BB43DB8E}.Debug|x86.Build.0 = Debug|Any CPU
		{2E1C291B-9CDC-4E3E-B622-DDF6BB43DB8E}.Release|Any CPU.ActiveCfg = Release|Any CPU
		{2E1C291B-9CDC-4E3E-B622-DDF6BB43DB8E}.Release|Any CPU.Build.0 = Release|Any CPU
		{2E1C291B-9CDC-4E3E-B622-DDF6BB43DB8E}.Release|x86.ActiveCfg = Release|Any CPU
		{2E1C291B-9CDC-4E3E-B622-DDF6BB43DB8E}.Release|x86.Build.0 = Release|Any CPU
		{16E9D603-3B46-4661-A1E8-E793FFF61166}.Debug|Any CPU.ActiveCfg = Debug|Any CPU
		{16E9D603-3B46-4661-A1E8-E793FFF61166}.Debug|Any CPU.Build.0 = Debug|Any CPU
		{16E9D603-3B46-4661-A1E8-E793FFF61166}.Debug|x86.ActiveCfg = Debug|Any CPU
		{16E9D603-3B46-4661-A1E8-E793FFF61166}.Debug|x86.Build.0 = Debug|Any CPU
		{16E9D603-3B46-4661-A1E8-E793FFF61166}.Release|Any CPU.ActiveCfg = Release|Any CPU
		{16E9D603-3B46-4661-A1E8-E793FFF61166}.Release|Any CPU.Build.0 = Release|Any CPU
		{16E9D603-3B46-4661-A1E8-E793FFF61166}.Release|x86.ActiveCfg = Release|Any CPU
		{16E9D603-3B46-4661-A1E8-E793FFF61166}.Release|x86.Build.0 = Release|Any CPU
		{74DBD20E-179C-4547-AB35-03152D29B6FC}.Debug|Any CPU.ActiveCfg = Debug|Any CPU
		{74DBD20E-179C-4547-AB35-03152D29B6FC}.Debug|Any CPU.Build.0 = Debug|Any CPU
		{74DBD20E-179C-4547-AB35-03152D29B6FC}.Debug|x86.ActiveCfg = Debug|Any CPU
		{74DBD20E-179C-4547-AB35-03152D29B6FC}.Debug|x86.Build.0 = Debug|Any CPU
		{74DBD20E-179C-4547-AB35-03152D29B6FC}.Release|Any CPU.ActiveCfg = Release|Any CPU
		{74DBD20E-179C-4547-AB35-03152D29B6FC}.Release|Any CPU.Build.0 = Release|Any CPU
		{74DBD20E-179C-4547-AB35-03152D29B6FC}.Release|x86.ActiveCfg = Release|Any CPU
		{74DBD20E-179C-4547-AB35-03152D29B6FC}.Release|x86.Build.0 = Release|Any CPU
	EndGlobalSection
	GlobalSection(SolutionProperties) = preSolution
		HideSolutionNode = FALSE
	EndGlobalSection
	GlobalSection(ExtensibilityGlobals) = postSolution
		SolutionGuid = {02C379D5-1B33-4362-93A8-E781C6162242}
	EndGlobalSection
EndGlobal
